
Microsoft Visual Studio Solution File, Format Version 12.00
Project("{FAE04EC0-301F-11D3-BF4B-00C04F79EFBC}") = "DnDClient", "DnDClient.csproj", "{24D8CE6A-4799-4336-B854-8AC2994840AD}"
EndProject
Global
	GlobalSection(SolutionConfigurationPlatforms) = preSolution
		Debug|Any CPU = Debug|Any CPU
		Release|Any CPU = Release|Any CPU
	EndGlobalSection
	GlobalSection(ProjectConfigurationPlatforms) = postSolution
		{24D8CE6A-4799-4336-B854-8AC2994840AD}.Debug|Any CPU.ActiveCfg = Debug|Any CPU
		{24D8CE6A-4799-4336-B854-8AC2994840AD}.Debug|Any CPU.Build.0 = Debug|Any CPU
		{24D8CE6A-4799-4336-B854-8AC2994840AD}.Release|Any CPU.ActiveCfg = Release|Any CPU
		{24D8CE6A-4799-4336-B854-8AC2994840AD}.Release|Any CPU.Build.0 = Release|Any CPU
	EndGlobalSection
EndGlobal
